// !$*UTF8*$!
{
	archiveVersion = 1;
	classes = {
	};
	objectVersion = 50;
	objects = {

/* Begin PBXBuildFile section */
		63A433D22154375C00D3347E /* AppDelegate.swift in Sources */ = {isa = PBXBuildFile; fileRef = 63A433D12154375C00D3347E /* AppDelegate.swift */; };
		63A433D42154375C00D3347E /* ViewController.swift in Sources */ = {isa = PBXBuildFile; fileRef = 63A433D32154375C00D3347E /* ViewController.swift */; };
		63A433D72154375C00D3347E /* Main.storyboard in Resources */ = {isa = PBXBuildFile; fileRef = 63A433D52154375C00D3347E /* Main.storyboard */; };
		63A433D92154375D00D3347E /* Assets.xcassets in Resources */ = {isa = PBXBuildFile; fileRef = 63A433D82154375D00D3347E /* Assets.xcassets */; };
		63A433DC2154375D00D3347E /* LaunchScreen.storyboard in Resources */ = {isa = PBXBuildFile; fileRef = 63A433DA2154375D00D3347E /* LaunchScreen.storyboard */; };
		63A433E72154375D00D3347E /* ShapesTests.swift in Sources */ = {isa = PBXBuildFile; fileRef = 63A433E62154375D00D3347E /* ShapesTests.swift */; };
		63A433F22154375D00D3347E /* ShapesUITests.swift in Sources */ = {isa = PBXBuildFile; fileRef = 63A433F12154375D00D3347E /* ShapesUITests.swift */; };
/* End PBXBuildFile section */

/* Begin PBXContainerItemProxy section */
		63A433E32154375D00D3347E /* PBXContainerItemProxy */ = {
			isa = PBXContainerItemProxy;
			containerPortal = 63A433C62154375C00D3347E /* Project object */;
			proxyType = 1;
			remoteGlobalIDString = 63A433CD2154375C00D3347E;
			remoteInfo = Shapes;
		};
		63A433EE2154375D00D3347E /* PBXContainerItemProxy */ = {
			isa = PBXContainerItemProxy;
			containerPortal = 63A433C62154375C00D3347E /* Project object */;
			proxyType = 1;
			remoteGlobalIDString = 63A433CD2154375C00D3347E;
			remoteInfo = Shapes;
		};
/* End PBXContainerItemProxy section */

/* Begin PBXFileReference section */
		63A433CE2154375C00D3347E /* Shapes.app */ = {isa = PBXFileReference; explicitFileType = wrapper.application; includeInIndex = 0; path = Shapes.app; sourceTree = BUILT_PRODUCTS_DIR; };
		63A433D12154375C00D3347E /* AppDelegate.swift */ = {isa = PBXFileReference; lastKnownFileType = sourcecode.swift; path = AppDelegate.swift; sourceTree = "<group>"; };
		63A433D32154375C00D3347E /* ViewController.swift */ = {isa = PBXFileReference; lastKnownFileType = sourcecode.swift; path = ViewController.swift; sourceTree = "<group>"; };
		63A433D62154375C00D3347E /* Base */ = {isa = PBXFileReference; lastKnownFileType = file.storyboard; name = Base; path = Base.lproj/Main.storyboard; sourceTree = "<group>"; };
		63A433D82154375D00D3347E /* Assets.xcassets */ = {isa = PBXFileReference; lastKnownFileType = folder.assetcatalog; path = Assets.xcassets; sourceTree = "<group>"; };
		63A433DB2154375D00D3347E /* Base */ = {isa = PBXFileReference; lastKnownFileType = file.storyboard; name = Base; path = Base.lproj/LaunchScreen.storyboard; sourceTree = "<group>"; };
		63A433DD2154375D00D3347E /* Info.plist */ = {isa = PBXFileReference; lastKnownFileType = text.plist.xml; path = Info.plist; sourceTree = "<group>"; };
		63A433E22154375D00D3347E /* ShapesTests.xctest */ = {isa = PBXFileReference; explicitFileType = wrapper.cfbundle; includeInIndex = 0; path = ShapesTests.xctest; sourceTree = BUILT_PRODUCTS_DIR; };
		63A433E62154375D00D3347E /* ShapesTests.swift */ = {isa = PBXFileReference; lastKnownFileType = sourcecode.swift; path = ShapesTests.swift; sourceTree = "<group>"; };
		63A433E82154375D00D3347E /* Info.plist */ = {isa = PBXFileReference; lastKnownFileType = text.plist.xml; path = Info.plist; sourceTree = "<group>"; };
		63A433ED2154375D00D3347E /* ShapesUITests.xctest */ = {isa = PBXFileReference; explicitFileType = wrapper.cfbundle; includeInIndex = 0; path = ShapesUITests.xctest; sourceTree = BUILT_PRODUCTS_DIR; };
		63A433F12154375D00D3347E /* ShapesUITests.swift */ = {isa = PBXFileReference; lastKnownFileType = sourcecode.swift; path = ShapesUITests.swift; sourceTree = "<group>"; };
		63A433F32154375D00D3347E /* Info.plist */ = {isa = PBXFileReference; lastKnownFileType = text.plist.xml; path = Info.plist; sourceTree = "<group>"; };
/* End PBXFileReference section */

/* Begin PBXFrameworksBuildPhase section */
		63A433CB2154375C00D3347E /* Frameworks */ = {
			isa = PBXFrameworksBuildPhase;
			buildActionMask = 2147483647;
			files = (
			);
			runOnlyForDeploymentPostprocessing = 0;
		};
		63A433DF2154375D00D3347E /* Frameworks */ = {
			isa = PBXFrameworksBuildPhase;
			buildActionMask = 2147483647;
			files = (
			);
			runOnlyForDeploymentPostprocessing = 0;
		};
		63A433EA2154375D00D3347E /* Frameworks */ = {
			isa = PBXFrameworksBuildPhase;
			buildActionMask = 2147483647;
			files = (
			);
			runOnlyForDeploymentPostprocessing = 0;
		};
/* End PBXFrameworksBuildPhase section */

/* Begin PBXGroup section */
		63A433C52154375C00D3347E = {
			isa = PBXGroup;
			children = (
				63A433D02154375C00D3347E /* Shapes */,
				63A433E52154375D00D3347E /* ShapesTests */,
				63A433F02154375D00D3347E /* ShapesUITests */,
				63A433CF2154375C00D3347E /* Products */,
			);
			sourceTree = "<group>";
		};
		63A433CF2154375C00D3347E /* Products */ = {
			isa = PBXGroup;
			children = (
				63A433CE2154375C00D3347E /* Shapes.app */,
				63A433E22154375D00D3347E /* ShapesTests.xctest */,
				63A433ED2154375D00D3347E /* ShapesUITests.xctest */,
			);
			name = Products;
			sourceTree = "<group>";
		};
		63A433D02154375C00D3347E /* Shapes */ = {
			isa = PBXGroup;
			children = (
				63A433D12154375C00D3347E /* AppDelegate.swift */,
				63A433D32154375C00D3347E /* ViewController.swift */,
				63A433D52154375C00D3347E /* Main.storyboard */,
				63A433D82154375D00D3347E /* Assets.xcassets */,
				63A433DA2154375D00D3347E /* LaunchScreen.storyboard */,
				63A433DD2154375D00D3347E /* Info.plist */,
			);
			path = Shapes;
			sourceTree = "<group>";
		};
		63A433E52154375D00D3347E /* ShapesTests */ = {
			isa = PBXGroup;
			children = (
				63A433E62154375D00D3347E /* ShapesTests.swift */,
				63A433E82154375D00D3347E /* Info.plist */,
			);
			path = ShapesTests;
			sourceTree = "<group>";
		};
		63A433F02154375D00D3347E /* ShapesUITests */ = {
			isa = PBXGroup;
			children = (
				63A433F12154375D00D3347E /* ShapesUITests.swift */,
				63A433F32154375D00D3347E /* Info.plist */,
			);
			path = ShapesUITests;
			sourceTree = "<group>";
		};
/* End PBXGroup section */

/* Begin PBXNativeTarget section */
		63A433CD2154375C00D3347E /* Shapes */ = {
			isa = PBXNativeTarget;
			buildConfigurationList = 63A433F62154375D00D3347E /* Build configuration list for PBXNativeTarget "Shapes" */;
			buildPhases = (
				63A433CA2154375C00D3347E /* Sources */,
				63A433CB2154375C00D3347E /* Frameworks */,
				63A433CC2154375C00D3347E /* Resources */,
			);
			buildRules = (
			);
			dependencies = (
			);
			name = Shapes;
			productName = Shapes;
			productReference = 63A433CE2154375C00D3347E /* Shapes.app */;
			productType = "com.apple.product-type.application";
		};
		63A433E12154375D00D3347E /* ShapesTests */ = {
			isa = PBXNativeTarget;
			buildConfigurationList = 63A433F92154375D00D3347E /* Build configuration list for PBXNativeTarget "ShapesTests" */;
			buildPhases = (
				63A433DE2154375D00D3347E /* Sources */,
				63A433DF2154375D00D3347E /* Frameworks */,
				63A433E02154375D00D3347E /* Resources */,
			);
			buildRules = (
			);
			dependencies = (
				63A433E42154375D00D3347E /* PBXTargetDependency */,
			);
			name = ShapesTests;
			productName = ShapesTests;
			productReference = 63A433E22154375D00D3347E /* ShapesTests.xctest */;
			productType = "com.apple.product-type.bundle.unit-test";
		};
		63A433EC2154375D00D3347E /* ShapesUITests */ = {
			isa = PBXNativeTarget;
			buildConfigurationList = 63A433FC2154375D00D3347E /* Build configuration list for PBXNativeTarget "ShapesUITests" */;
			buildPhases = (
				63A433E92154375D00D3347E /* Sources */,
				63A433EA2154375D00D3347E /* Frameworks */,
				63A433EB2154375D00D3347E /* Resources */,
			);
			buildRules = (
			);
			dependencies = (
				63A433EF2154375D00D3347E /* PBXTargetDependency */,
			);
			name = ShapesUITests;
			productName = ShapesUITests;
			productReference = 63A433ED2154375D00D3347E /* ShapesUITests.xctest */;
			productType = "com.apple.product-type.bundle.ui-testing";
		};
/* End PBXNativeTarget section */

/* Begin PBXProject section */
		63A433C62154375C00D3347E /* Project object */ = {
			isa = PBXProject;
			attributes = {
				LastSwiftUpdateCheck = 0940;
				LastUpgradeCheck = 0940;
				ORGANIZATIONNAME = "Iragam Reddy, Sreekanth Reddy";
				TargetAttributes = {
					63A433CD2154375C00D3347E = {
						CreatedOnToolsVersion = 9.4.1;
					};
					63A433E12154375D00D3347E = {
						CreatedOnToolsVersion = 9.4.1;
						TestTargetID = 63A433CD2154375C00D3347E;
					};
					63A433EC2154375D00D3347E = {
						CreatedOnToolsVersion = 9.4.1;
						TestTargetID = 63A433CD2154375C00D3347E;
					};
				};
			};
			buildConfigurationList = 63A433C92154375C00D3347E /* Build configuration list for PBXProject "Shapes" */;
			compatibilityVersion = "Xcode 9.3";
			developmentRegion = en;
			hasScannedForEncodings = 0;
			knownRegions = (
				en,
				Base,
			);
			mainGroup = 63A433C52154375C00D3347E;
			productRefGroup = 63A433CF2154375C00D3347E /* Products */;
			projectDirPath = "";
			projectRoot = "";
			targets = (
				63A433CD2154375C00D3347E /* Shapes */,
				63A433E12154375D00D3347E /* ShapesTests */,
				63A433EC2154375D00D3347E /* ShapesUITests */,
			);
		};
/* End PBXProject section */

/* Begin PBXResourcesBuildPhase section */
		63A433CC2154375C00D3347E /* Resources */ = {
			isa = PBXResourcesBuildPhase;
			buildActionMask = 2147483647;
			files = (
				63A433DC2154375D00D3347E /* LaunchScreen.storyboard in Resources */,
				63A433D92154375D00D3347E /* Assets.xcassets in Resources */,
				63A433D72154375C00D3347E /* Main.storyboard in Resources */,
			);
			runOnlyForDeploymentPostprocessing = 0;
		};
		63A433E02154375D00D3347E /* Resources */ = {
			isa = PBXResourcesBuildPhase;
			buildActionMask = 2147483647;
			files = (
			);
			runOnlyForDeploymentPostprocessing = 0;
		};
		63A433EB2154375D00D3347E /* Resources */ = {
			isa = PBXResourcesBuildPhase;
			buildActionMask = 2147483647;
			files = (
			);
			runOnlyForDeploymentPostprocessing = 0;
		};
/* End PBXResourcesBuildPhase section */

/* Begin PBXSourcesBuildPhase section */
		63A433CA2154375C00D3347E /* Sources */ = {
			isa = PBXSourcesBuildPhase;
			buildActionMask = 2147483647;
			files = (
				63A433D42154375C00D3347E /* ViewController.swift in Sources */,
				63A433D22154375C00D3347E /* AppDelegate.swift in Sources */,
			);
			runOnlyForDeploymentPostprocessing = 0;
		};
		63A433DE2154375D00D3347E /* Sources */ = {
			isa = PBXSourcesBuildPhase;
			buildActionMask = 2147483647;
			files = (
				63A433E72154375D00D3347E /* ShapesTests.swift in Sources */,
			);
			runOnlyForDeploymentPostprocessing = 0;
		};
		63A433E92154375D00D3347E /* Sources */ = {
			isa = PBXSourcesBuildPhase;
			buildActionMask = 2147483647;
			files = (
				63A433F22154375D00D3347E /* ShapesUITests.swift in Sources */,
			);
			runOnlyForDeploymentPostprocessing = 0;
		};
/* End PBXSourcesBuildPhase section */

/* Begin PBXTargetDependency section */
		63A433E42154375D00D3347E /* PBXTargetDependency */ = {
			isa = PBXTargetDependency;
			target = 63A433CD2154375C00D3347E /* Shapes */;
			targetProxy = 63A433E32154375D00D3347E /* PBXContainerItemProxy */;
		};
		63A433EF2154375D00D3347E /* PBXTargetDependency */ = {
			isa = PBXTargetDependency;
			target = 63A433CD2154375C00D3347E /* Shapes */;
			targetProxy = 63A433EE2154375D00D3347E /* PBXContainerItemProxy */;
		};
/* End PBXTargetDependency section */

/* Begin PBXVariantGroup section */
		63A433D52154375C00D3347E /* Main.storyboard */ = {
			isa = PBXVariantGroup;
			children = (
				63A433D62154375C00D3347E /* Base */,
			);
			name = Main.storyboard;
			sourceTree = "<group>";
		};
		63A433DA2154375D00D3347E /* LaunchScreen.storyboard */ = {
			isa = PBXVariantGroup;
			children = (
				63A433DB2154375D00D3347E /* Base */,
			);
			name = LaunchScreen.storyboard;
			sourceTree = "<group>";
		};
/* End PBXVariantGroup section */

/* Begin XCBuildConfiguration section */
		63A433F42154375D00D3347E /* Debug */ = {
			isa = XCBuildConfiguration;
			buildSettings = {
				ALWAYS_SEARCH_USER_PATHS = NO;
				CLANG_ANALYZER_NONNULL = YES;
				CLANG_ANALYZER_NUMBER_OBJECT_CONVERSION = YES_AGGRESSIVE;
				CLANG_CXX_LANGUAGE_STANDARD = "gnu++14";
				CLANG_CXX_LIBRARY = "libc++";
				CLANG_ENABLE_MODULES = YES;
				CLANG_ENABLE_OBJC_ARC = YES;
				CLANG_ENABLE_OBJC_WEAK = YES;
				CLANG_WARN_BLOCK_CAPTURE_AUTORELEASING = YES;
				CLANG_WARN_BOOL_CONVERSION = YES;
				CLANG_WARN_COMMA = YES;
				CLANG_WARN_CONSTANT_CONVERSION = YES;
				CLANG_WARN_DEPRECATED_OBJC_IMPLEMENTATIONS = YES;
				CLANG_WARN_DIRECT_OBJC_ISA_USAGE = YES_ERROR;
				CLANG_WARN_DOCUMENTATION_COMMENTS = YES;
				CLANG_WARN_EMPTY_BODY = YES;
				CLANG_WARN_ENUM_CONVERSION = YES;
				CLANG_WARN_INFINITE_RECURSION = YES;
				CLANG_WARN_INT_CONVERSION = YES;
				CLANG_WARN_NON_LITERAL_NULL_CONVERSION = YES;
				CLANG_WARN_OBJC_IMPLICIT_RETAIN_SELF = YES;
				CLANG_WARN_OBJC_LITERAL_CONVERSION = YES;
				CLANG_WARN_OBJC_ROOT_CLASS = YES_ERROR;
				CLANG_WARN_RANGE_LOOP_ANALYSIS = YES;
				CLANG_WARN_STRICT_PROTOTYPES = YES;
				CLANG_WARN_SUSPICIOUS_MOVE = YES;
				CLANG_WARN_UNGUARDED_AVAILABILITY = YES_AGGRESSIVE;
				CLANG_WARN_UNREACHABLE_CODE = YES;
				CLANG_WARN__DUPLICATE_METHOD_MATCH = YES;
				CODE_SIGN_IDENTITY = "iPhone Developer";
				COPY_PHASE_STRIP = NO;
				DEBUG_INFORMATION_FORMAT = dwarf;
				ENABLE_STRICT_OBJC_MSGSEND = YES;
				ENABLE_TESTABILITY = YES;
				GCC_C_LANGUAGE_STANDARD = gnu11;
				GCC_DYNAMIC_NO_PIC = NO;
				GCC_NO_COMMON_BLOCKS = YES;
				GCC_OPTIMIZATION_LEVEL = 0;
				GCC_PREPROCESSOR_DEFINITIONS = (
					"DEBUG=1",
					"$(inherited)",
				);
				GCC_WARN_64_TO_32_BIT_CONVERSION = YES;
				GCC_WARN_ABOUT_RETURN_TYPE = YES_ERROR;
				GCC_WARN_UNDECLARED_SELECTOR = YES;
				GCC_WARN_UNINITIALIZED_AUTOS = YES_AGGRESSIVE;
				GCC_WARN_UNUSED_FUNCTION = YES;
				GCC_WARN_UNUSED_VARIABLE = YES;
				IPHONEOS_DEPLOYMENT_TARGET = 11.4;
				MTL_ENABLE_DEBUG_INFO = YES;
				ONLY_ACTIVE_ARCH = YES;
				SDKROOT = iphoneos;
				SWIFT_ACTIVE_COMPILATION_CONDITIONS = DEBUG;
				SWIFT_OPTIMIZATION_LEVEL = "-Onone";
			};
			name = Debug;
		};
		63A433F52154375D00D3347E /* Release */ = {
			isa = XCBuildConfiguration;
			buildSettings = {
				ALWAYS_SEARCH_USER_PATHS = NO;
				CLANG_ANALYZER_NONNULL = YES;
				CLANG_ANALYZER_NUMBER_OBJECT_CONVERSION = YES_AGGRESSIVE;
				CLANG_CXX_LANGUAGE_STANDARD = "gnu++14";
				CLANG_CXX_LIBRARY = "libc++";
				CLANG_ENABLE_MODULES = YES;
				CLANG_ENABLE_OBJC_ARC = YES;
				CLANG_ENABLE_OBJC_WEAK = YES;
				CLANG_WARN_BLOCK_CAPTURE_AUTORELEASING = YES;
				CLANG_WARN_BOOL_CONVERSION = YES;
				CLANG_WARN_COMMA = YES;
				CLANG_WARN_CONSTANT_CONVERSION = YES;
				CLANG_WARN_DEPRECATED_OBJC_IMPLEMENTATIONS = YES;
				CLANG_WARN_DIRECT_OBJC_ISA_USAGE = YES_ERROR;
				CLANG_WARN_DOCUMENTATION_COMMENTS = YES;
				CLANG_WARN_EMPTY_BODY = YES;
				CLANG_WARN_ENUM_CONVERSION = YES;
				CLANG_WARN_INFINITE_RECURSION = YES;
				CLANG_WARN_INT_CONVERSION = YES;
				CLANG_WARN_NON_LITERAL_NULL_CONVERSION = YES;
				CLANG_WARN_OBJC_IMPLICIT_RETAIN_SELF = YES;
				CLANG_WARN_OBJC_LITERAL_CONVERSION = YES;
				CLANG_WARN_OBJC_ROOT_CLASS = YES_ERROR;
				CLANG_WARN_RANGE_LOOP_ANALYSIS = YES;
				CLANG_WARN_STRICT_PROTOTYPES = YES;
				CLANG_WARN_SUSPICIOUS_MOVE = YES;
				CLANG_WARN_UNGUARDED_AVAILABILITY = YES_AGGRESSIVE;
				CLANG_WARN_UNREACHABLE_CODE = YES;
				CLANG_WARN__DUPLICATE_METHOD_MATCH = YES;
				CODE_SIGN_IDENTITY = "iPhone Developer";
				COPY_PHASE_STRIP = NO;
				DEBUG_INFORMATION_FORMAT = "dwarf-with-dsym";
				ENABLE_NS_ASSERTIONS = NO;
				ENABLE_STRICT_OBJC_MSGSEND = YES;
				GCC_C_LANGUAGE_STANDARD = gnu11;
				GCC_NO_COMMON_BLOCKS = YES;
				GCC_WARN_64_TO_32_BIT_CONVERSION = YES;
				GCC_WARN_ABOUT_RETURN_TYPE = YES_ERROR;
				GCC_WARN_UNDECLARED_SELECTOR = YES;
				GCC_WARN_UNINITIALIZED_AUTOS = YES_AGGRESSIVE;
				GCC_WARN_UNUSED_FUNCTION = YES;
				GCC_WARN_UNUSED_VARIABLE = YES;
				IPHONEOS_DEPLOYMENT_TARGET = 11.4;
				MTL_ENABLE_DEBUG_INFO = NO;
				SDKROOT = iphoneos;
				SWIFT_COMPILATION_MODE = wholemodule;
				SWIFT_OPTIMIZATION_LEVEL = "-O";
				VALIDATE_PRODUCT = YES;
			};
			name = Release;
		};
		63A433F72154375D00D3347E /* Debug */ = {
			isa = XCBuildConfiguration;
			buildSettings = {
				ASSETCATALOG_COMPILER_APPICON_NAME = AppIcon;
				CODE_SIGN_STYLE = Automatic;
				INFOPLIST_FILE = Shapes/Info.plist;
				LD_RUNPATH_SEARCH_PATHS = (
					"$(inherited)",
					"@executable_path/Frameworks",
				);
				PRODUCT_BUNDLE_IDENTIFIER = new.arcshapes.Shapes;
				PRODUCT_NAME = "$(TARGET_NAME)";
				SWIFT_VERSION = 4.0;
				TARGETED_DEVICE_FAMILY = "1,2";
			};
			name = Debug;
		};
		63A433F82154375D00D3347E /* Release */ = {
			isa = XCBuildConfiguration;
			buildSettings = {
				ASSETCATALOG_COMPILER_APPICON_NAME = AppIcon;
				CODE_SIGN_STYLE = Automatic;
				INFOPLIST_FILE = Shapes/Info.plist;
				LD_RUNPATH_SEARCH_PATHS = (
					"$(inherited)",
					"@executable_path/Frameworks",
				);
				PRODUCT_BUNDLE_IDENTIFIER = new.arcshapes.Shapes;
				PRODUCT_NAME = "$(TARGET_NAME)";
				SWIFT_VERSION = 4.0;
				TARGETED_DEVICE_FAMILY = "1,2";
			};
			name = Release;
		};
		63A433FA2154375D00D3347E /* Debug */ = {
			isa = XCBuildConfiguration;
			buildSettings = {
				ALWAYS_EMBED_SWIFT_STANDARD_LIBRARIES = YES;
				BUNDLE_LOADER = "$(TEST_HOST)";
				CODE_SIGN_STYLE = Automatic;
				INFOPLIST_FILE = ShapesTests/Info.plist;
				LD_RUNPATH_SEARCH_PATHS = (
					"$(inherited)",
					"@executable_path/Frameworks",
					"@loader_path/Frameworks",
				);
				PRODUCT_BUNDLE_IDENTIFIER = new.arcshapes.ShapesTests;
				PRODUCT_NAME = "$(TARGET_NAME)";
				SWIFT_VERSION = 4.0;
				TARGETED_DEVICE_FAMILY = "1,2";
				TEST_HOST = "$(BUILT_PRODUCTS_DIR)/Shapes.app/Shapes";
			};
			name = Debug;
		};
		63A433FB2154375D00D3347E /* Release */ = {
			isa = XCBuildConfiguration;
			buildSettings = {
				ALWAYS_EMBED_SWIFT_STANDARD_LIBRARIES = YES;
				BUNDLE_LOADER = "$(TEST_HOST)";
				CODE_SIGN_STYLE = Automatic;
				INFOPLIST_FILE = ShapesTests/Info.plist;
				LD_RUNPATH_SEARCH_PATHS = (
					"$(inherited)",
					"@executable_path/Frameworks",
					"@loader_path/Frameworks",
				);
				PRODUCT_BUNDLE_IDENTIFIER = new.arcshapes.ShapesTests;
				PRODUCT_NAME = "$(TARGET_NAME)";
				SWIFT_VERSION = 4.0;
				TARGETED_DEVICE_FAMILY = "1,2";
				TEST_HOST = "$(BUILT_PRODUCTS_DIR)/Shapes.app/Shapes";
			};
			name = Release;
		};
		63A433FD2154375D00D3347E /* Debug */ = {
			isa = XCBuildConfiguration;
			buildSettings = {
				ALWAYS_EMBED_SWIFT_STANDARD_LIBRARIES = YES;
				CODE_SIGN_STYLE = Automatic;
				INFOPLIST_FILE = ShapesUITests/Info.plist;
				LD_RUNPATH_SEARCH_PATHS = (
					"$(inherited)",
					"@executable_path/Frameworks",
					"@loader_path/Frameworks",
				);
				PRODUCT_BUNDLE_IDENTIFIER = new.arcshapes.ShapesUITests;
				PRODUCT_NAME = "$(TARGET_NAME)";
				SWIFT_VERSION = 4.0;
				TARGETED_DEVICE_FAMILY = "1,2";
				TEST_TARGET_NAME = Shapes;
			};
			name = Debug;
		};
		63A433FE2154375D00D3347E /* Release */ = {
			isa = XCBuildConfiguration;
			buildSettings = {
				ALWAYS_EMBED_SWIFT_STANDARD_LIBRARIES = YES;
				CODE_SIGN_STYLE = Automatic;
				INFOPLIST_FILE = ShapesUITests/Info.plist;
				LD_RUNPATH_SEARCH_PATHS = (
					"$(inherited)",
					"@executable_path/Frameworks",
					"@loader_path/Frameworks",
				);
				PRODUCT_BUNDLE_IDENTIFIER = new.arcshapes.ShapesUITests;
				PRODUCT_NAME = "$(TARGET_NAME)";
				SWIFT_VERSION = 4.0;
				TARGETED_DEVICE_FAMILY = "1,2";
				TEST_TARGET_NAME = Shapes;
			};
			name = Release;
		};
/* End XCBuildConfiguration section */

/* Begin XCConfigurationList section */
		63A433C92154375C00D3347E /* Build configuration list for PBXProject "Shapes" */ = {
			isa = XCConfigurationList;
			buildConfigurations = (
				63A433F42154375D00D3347E /* Debug */,
				63A433F52154375D00D3347E /* Release */,
			);
			defaultConfigurationIsVisible = 0;
			defaultConfigurationName = Release;
		};
		63A433F62154375D00D3347E /* Build configuration list for PBXNativeTarget "Shapes" */ = {
			isa = XCConfigurationList;
			buildConfigurations = (
				63A433F72154375D00D3347E /* Debug */,
				63A433F82154375D00D3347E /* Release */,
			);
			defaultConfigurationIsVisible = 0;
			defaultConfigurationName = Release;
		};
		63A433F92154375D00D3347E /* Build configuration list for PBXNativeTarget "ShapesTests" */ = {
			isa = XCConfigurationList;
			buildConfigurations = (
				63A433FA2154375D00D3347E /* Debug */,
				63A433FB2154375D00D3347E /* Release */,
			);
			defaultConfigurationIsVisible = 0;
			defaultConfigurationName = Release;
		};
		63A433FC2154375D00D3347E /* Build configuration list for PBXNativeTarget "ShapesUITests" */ = {
			isa = XCConfigurationList;
			buildConfigurations = (
				63A433FD2154375D00D3347E /* Debug */,
				63A433FE2154375D00D3347E /* Release */,
			);
			defaultConfigurationIsVisible = 0;
			defaultConfigurationName = Release;
		};
/* End XCConfigurationList section */
	};
	rootObject = 63A433C62154375C00D3347E /* Project object */;
}
